
Microsoft Visual Studio Solution File, Format Version 12.00
# Visual Studio Version 16
VisualStudioVersion = 16.0.30011.22
MinimumVisualStudioVersion = 10.0.40219.1
Project("{FAE04EC0-301F-11D3-BF4B-00C04F79EFBC}") = "rpruitt_final", "rpruitt_final.csproj", "{567CB6B0-3A7D-492D-B110-9FAA4F8ADB2E}"
EndProject
Project("{FAE04EC0-301F-11D3-BF4B-00C04F79EFBC}") = "ConsoleFoodTests", "ConsoleFoodTests\ConsoleFoodTests.csproj", "{8E66C8CC-598C-43FB-913A-6C58602BC962}"
EndProject
Global
	GlobalSection(SolutionConfigurationPlatforms) = preSolution
		Debug|Any CPU = Debug|Any CPU
		Release|Any CPU = Release|Any CPU
	EndGlobalSection
	GlobalSection(ProjectConfigurationPlatforms) = postSolution
		{567CB6B0-3A7D-492D-B110-9FAA4F8ADB2E}.Debug|Any CPU.ActiveCfg = Debug|Any CPU
		{567CB6B0-3A7D-492D-B110-9FAA4F8ADB2E}.Debug|Any CPU.Build.0 = Debug|Any CPU
		{567CB6B0-3A7D-492D-B110-9FAA4F8ADB2E}.Release|Any CPU.ActiveCfg = Release|Any CPU
		{567CB6B0-3A7D-492D-B110-9FAA4F8ADB2E}.Release|Any CPU.Build.0 = Release|Any CPU
		{8E66C8CC-598C-43FB-913A-6C58602BC962}.Debug|Any CPU.ActiveCfg = Debug|Any CPU
		{8E66C8CC-598C-43FB-913A-6C58602BC962}.Debug|Any CPU.Build.0 = Debug|Any CPU
		{8E66C8CC-598C-43FB-913A-6C58602BC962}.Release|Any CPU.ActiveCfg = Release|Any CPU
		{8E66C8CC-598C-43FB-913A-6C58602BC962}.Release|Any CPU.Build.0 = Release|Any CPU
	EndGlobalSection
	GlobalSection(SolutionProperties) = preSolution
		HideSolutionNode = FALSE
	EndGlobalSection
	GlobalSection(ExtensibilityGlobals) = postSolution
		SolutionGuid = {ADB84BB5-BC13-47F5-A660-142EE9BE1C29}
	EndGlobalSection
EndGlobal
