
Microsoft Visual Studio Solution File, Format Version 12.00
# Visual Studio Version 16
VisualStudioVersion = 16.0.29728.190
MinimumVisualStudioVersion = 10.0.40219.1
Project("{FAE04EC0-301F-11D3-BF4B-00C04F79EFBC}") = "ProcessNorthwindDB_RonPruitt", "ProcessNorthwindDB_RonPruitt.csproj", "{A3AA643E-448F-4CC9-8B7F-D9A4FB5DAA98}"
EndProject
Global
	GlobalSection(SolutionConfigurationPlatforms) = preSolution
		Debug|Any CPU = Debug|Any CPU
		Release|Any CPU = Release|Any CPU
	EndGlobalSection
	GlobalSection(ProjectConfigurationPlatforms) = postSolution
		{A3AA643E-448F-4CC9-8B7F-D9A4FB5DAA98}.Debug|Any CPU.ActiveCfg = Debug|Any CPU
		{A3AA643E-448F-4CC9-8B7F-D9A4FB5DAA98}.Debug|Any CPU.Build.0 = Debug|Any CPU
		{A3AA643E-448F-4CC9-8B7F-D9A4FB5DAA98}.Release|Any CPU.ActiveCfg = Release|Any CPU
		{A3AA643E-448F-4CC9-8B7F-D9A4FB5DAA98}.Release|Any CPU.Build.0 = Release|Any CPU
	EndGlobalSection
	GlobalSection(SolutionProperties) = preSolution
		HideSolutionNode = FALSE
	EndGlobalSection
	GlobalSection(ExtensibilityGlobals) = postSolution
		SolutionGuid = {384E1927-84D6-45CE-8DAF-DF442B15F05C}
	EndGlobalSection
EndGlobal
